
Microsoft Visual Studio Solution File, Format Version 12.00
Project("{FAE04EC0-301F-11D3-BF4B-00C04F79EFBC}") = "DreamBuildersLibs", "DreamBuildersLibs\DreamBuildersLibs.csproj", "{BFDB2E1C-800E-40F0-A173-3442DBDE87AE}"
EndProject
Global
	GlobalSection(SolutionConfigurationPlatforms) = preSolution
		Debug|Any CPU = Debug|Any CPU
		Release|Any CPU = Release|Any CPU
	EndGlobalSection
	GlobalSection(ProjectConfigurationPlatforms) = postSolution
		{BFDB2E1C-800E-40F0-A173-3442DBDE87AE}.Debug|Any CPU.ActiveCfg = Debug|Any CPU
		{BFDB2E1C-800E-40F0-A173-3442DBDE87AE}.Debug|Any CPU.Build.0 = Debug|Any CPU
		{BFDB2E1C-800E-40F0-A173-3442DBDE87AE}.Release|Any CPU.ActiveCfg = Release|Any CPU
		{BFDB2E1C-800E-40F0-A173-3442DBDE87AE}.Release|Any CPU.Build.0 = Release|Any CPU
	EndGlobalSection
EndGlobal
